
Microsoft Visual Studio Solution File, Format Version 12.00
# Visual Studio Version 17
VisualStudioVersion = 17.0.31903.59
MinimumVisualStudioVersion = 10.0.40219.1
Project("{FAE04EC0-301F-11D3-BF4B-00C04F79EFBC}") = "N-Sharp Compiler", "N-Sharp Compiler\N-Sharp Compiler.csproj", "{993A9F7B-A518-4451-94DA-B50F57723633}"
EndProject
Global
	GlobalSection(SolutionConfigurationPlatforms) = preSolution
		Debug|Any CPU = Debug|Any CPU
		Release|Any CPU = Release|Any CPU
	EndGlobalSection
	GlobalSection(ProjectConfigurationPlatforms) = postSolution
		{993A9F7B-A518-4451-94DA-B50F57723633}.Debug|Any CPU.ActiveCfg = Debug|Any CPU
		{993A9F7B-A518-4451-94DA-B50F57723633}.Debug|Any CPU.Build.0 = Debug|Any CPU
		{993A9F7B-A518-4451-94DA-B50F57723633}.Release|Any CPU.ActiveCfg = Release|Any CPU
		{993A9F7B-A518-4451-94DA-B50F57723633}.Release|Any CPU.Build.0 = Release|Any CPU
	EndGlobalSection
	GlobalSection(SolutionProperties) = preSolution
		HideSolutionNode = FALSE
	EndGlobalSection
	GlobalSection(ExtensibilityGlobals) = postSolution
		SolutionGuid = {B6ACA39C-9BAB-4771-9867-758784C6034A}
	EndGlobalSection
EndGlobal
